
Microsoft Visual Studio Solution File, Format Version 12.00
# Visual Studio Version 16
VisualStudioVersion = 16.0.31205.134
MinimumVisualStudioVersion = 10.0.40219.1
Project("{8BC9CEB8-8B4A-11D0-8D11-00A0C91BC942}") = "CLIENT", "CLIENT\CLIENT.vcxproj", "{946CFE41-8D79-42E2-8C68-42ADCC010612}"
EndProject
Global
	GlobalSection(SolutionConfigurationPlatforms) = preSolution
		Debug|x64 = Debug|x64
		Debug|x86 = Debug|x86
		Release|x64 = Release|x64
		Release|x86 = Release|x86
	EndGlobalSection
	GlobalSection(ProjectConfigurationPlatforms) = postSolution
		{946CFE41-8D79-42E2-8C68-42ADCC010612}.Debug|x64.ActiveCfg = Debug|x64
		{946CFE41-8D79-42E2-8C68-42ADCC010612}.Debug|x64.Build.0 = Debug|x64
		{946CFE41-8D79-42E2-8C68-42ADCC010612}.Debug|x86.ActiveCfg = Debug|Win32
		{946CFE41-8D79-42E2-8C68-42ADCC010612}.Debug|x86.Build.0 = Debug|Win32
		{946CFE41-8D79-42E2-8C68-42ADCC010612}.Release|x64.ActiveCfg = Release|x64
		{946CFE41-8D79-42E2-8C68-42ADCC010612}.Release|x64.Build.0 = Release|x64
		{946CFE41-8D79-42E2-8C68-42ADCC010612}.Release|x86.ActiveCfg = Release|Win32
		{946CFE41-8D79-42E2-8C68-42ADCC010612}.Release|x86.Build.0 = Release|Win32
	EndGlobalSection
	GlobalSection(SolutionProperties) = preSolution
		HideSolutionNode = FALSE
	EndGlobalSection
	GlobalSection(ExtensibilityGlobals) = postSolution
		SolutionGuid = {AF55DC75-C34F-44F5-BF01-301FCAE6A2D4}
	EndGlobalSection
EndGlobal
